
Microsoft Visual Studio Solution File, Format Version 12.00
# Visual Studio Version 17
VisualStudioVersion = 17.14.36221.1 d17.14
MinimumVisualStudioVersion = 10.0.40219.1
Project("{FAE04EC0-301F-11D3-BF4B-00C04F79EFBC}") = "RailwayResult", "src\RailwayResult\RailwayResult.csproj", "{288AB45C-20D3-47F7-F2FB-74C70898AFD5}"
EndProject
Project("{2150E333-8FDC-42A3-9474-1A3956D46DE8}") = "src", "src", "{02EA681E-C7D8-13C7-8484-4AC65E1B71E8}"
EndProject
Project("{2150E333-8FDC-42A3-9474-1A3956D46DE8}") = "Solution Items", "Solution Items", "{67D98C8B-5692-42D5-A298-A5DD085FAA19}"
	ProjectSection(SolutionItems) = preProject
		.editorconfig = .editorconfig
		Directory.Build.props = Directory.Build.props
		Directory.Packages.props = Directory.Packages.props
	EndProjectSection
EndProject
Global
	GlobalSection(SolutionConfigurationPlatforms) = preSolution
		Debug|Any CPU = Debug|Any CPU
		Release|Any CPU = Release|Any CPU
	EndGlobalSection
	GlobalSection(ProjectConfigurationPlatforms) = postSolution
		{288AB45C-20D3-47F7-F2FB-74C70898AFD5}.Debug|Any CPU.ActiveCfg = Debug|Any CPU
		{288AB45C-20D3-47F7-F2FB-74C70898AFD5}.Debug|Any CPU.Build.0 = Debug|Any CPU
		{288AB45C-20D3-47F7-F2FB-74C70898AFD5}.Release|Any CPU.ActiveCfg = Release|Any CPU
		{288AB45C-20D3-47F7-F2FB-74C70898AFD5}.Release|Any CPU.Build.0 = Release|Any CPU
	EndGlobalSection
	GlobalSection(SolutionProperties) = preSolution
		HideSolutionNode = FALSE
	EndGlobalSection
	GlobalSection(NestedProjects) = preSolution
		{288AB45C-20D3-47F7-F2FB-74C70898AFD5} = {02EA681E-C7D8-13C7-8484-4AC65E1B71E8}
	EndGlobalSection
	GlobalSection(ExtensibilityGlobals) = postSolution
		SolutionGuid = {9D520F41-01DF-4B71-9616-739F96B05863}
	EndGlobalSection
EndGlobal
